
Microsoft Visual Studio Solution File, Format Version 12.00
# Visual Studio 2012
<<<<<<< HEAD
Project("{FAE04EC0-301F-11D3-BF4B-00C04F79EFBC}") = "HumDrum", "HumDrum\HumDrum.csproj", "{21C643B8-9EBE-4631-A177-A19EA5CE7250}"
=======
Project("{FAE04EC0-301F-11D3-BF4B-00C04F79EFBC}") = "HumDrum", "HumDrum\HumDrum.csproj", "{A5CC48FE-73B1-4FFF-B236-71B9E0EFBD7B}"
EndProject
Project("{9344BDBB-3E7F-41FC-A0DD-8665D75EE146}") = "Packages", "Packages.mdproj", "{54FE9596-F45F-4605-B7AE-38FCDB4D464E}"
>>>>>>> dbf350521abb8402ad2c0b2f089fbd6360cc21d4
EndProject
Global
	GlobalSection(SolutionConfigurationPlatforms) = preSolution
		Debug|Any CPU = Debug|Any CPU
		Release|Any CPU = Release|Any CPU
	EndGlobalSection
	GlobalSection(ProjectConfigurationPlatforms) = postSolution
<<<<<<< HEAD
		{21C643B8-9EBE-4631-A177-A19EA5CE7250}.Debug|Any CPU.ActiveCfg = Debug|Any CPU
		{21C643B8-9EBE-4631-A177-A19EA5CE7250}.Debug|Any CPU.Build.0 = Debug|Any CPU
		{21C643B8-9EBE-4631-A177-A19EA5CE7250}.Release|Any CPU.ActiveCfg = Release|Any CPU
		{21C643B8-9EBE-4631-A177-A19EA5CE7250}.Release|Any CPU.Build.0 = Release|Any CPU
=======
		{54FE9596-F45F-4605-B7AE-38FCDB4D464E}.Debug|Any CPU.ActiveCfg = Debug|Any CPU
		{54FE9596-F45F-4605-B7AE-38FCDB4D464E}.Release|Any CPU.ActiveCfg = Release|Any CPU
		{A5CC48FE-73B1-4FFF-B236-71B9E0EFBD7B}.Debug|Any CPU.ActiveCfg = Debug|Any CPU
		{A5CC48FE-73B1-4FFF-B236-71B9E0EFBD7B}.Debug|Any CPU.Build.0 = Debug|Any CPU
		{A5CC48FE-73B1-4FFF-B236-71B9E0EFBD7B}.Release|Any CPU.ActiveCfg = Release|Any CPU
		{A5CC48FE-73B1-4FFF-B236-71B9E0EFBD7B}.Release|Any CPU.Build.0 = Release|Any CPU
>>>>>>> dbf350521abb8402ad2c0b2f089fbd6360cc21d4
	EndGlobalSection
	GlobalSection(MonoDevelopProperties) = preSolution
		StartupItem = HumDrum\HumDrum.csproj
	EndGlobalSection
EndGlobal
