
Microsoft Visual Studio Solution File, Format Version 11.00
# Visual Studio 2010
Project("{9344BDBB-3E7F-41FC-A0DD-8665D75EE146}") = "Packages", "Packages.mdproj", "{54FE9596-F45F-4605-B7AE-38FCDB4D464E}"
EndProject
Global
	GlobalSection(SolutionConfigurationPlatforms) = preSolution
	EndGlobalSection
	GlobalSection(ProjectConfigurationPlatforms) = postSolution
	EndGlobalSection
EndGlobal
