
Microsoft Visual Studio Solution File, Format Version 11.00
# Visual Studio 2010
Project("{FAE04EC0-301F-11D3-BF4B-00C04F79EFBC}") = "HumDrum", "HumDrum.csproj", "{715D15D4-68CB-4E55-B9C6-DCFE791C9B00}"
EndProject
Global
	GlobalSection(SolutionConfigurationPlatforms) = preSolution
		Debug|Any CPU = Debug|Any CPU
		Release|Any CPU = Release|Any CPU
	EndGlobalSection
	GlobalSection(ProjectConfigurationPlatforms) = postSolution
		{715D15D4-68CB-4E55-B9C6-DCFE791C9B00}.Debug|Any CPU.ActiveCfg = Debug|Any CPU
		{715D15D4-68CB-4E55-B9C6-DCFE791C9B00}.Debug|Any CPU.Build.0 = Debug|Any CPU
		{715D15D4-68CB-4E55-B9C6-DCFE791C9B00}.Release|Any CPU.ActiveCfg = Release|Any CPU
		{715D15D4-68CB-4E55-B9C6-DCFE791C9B00}.Release|Any CPU.Build.0 = Release|Any CPU
	EndGlobalSection
EndGlobal
